
Microsoft Visual Studio Solution File, Format Version 12.00
# Visual Studio Version 17
VisualStudioVersion = 17.14.36121.58 d17.14
MinimumVisualStudioVersion = 10.0.40219.1
Project("{FAE04EC0-301F-11D3-BF4B-00C04F79EFBC}") = "Silmoon.SdkApi", "Silmoon.SdkApi\Silmoon.SdkApi.csproj", "{995ACB1E-2355-45F8-9BA0-74026424FECB}"
EndProject
Project("{2150E333-8FDC-42A3-9474-1A3956D46DE8}") = "解决方案项", "解决方案项", "{9FA3D6BD-1EC1-3BA5-80CB-CE02773A58D5}"
	ProjectSection(SolutionItems) = preProject
		.gitattributes = .gitattributes
		.gitignore = .gitignore
		LICENSE = LICENSE
		logo.png = logo.png
		README.md = README.md
	EndProjectSection
EndProject
Project("{FAE04EC0-301F-11D3-BF4B-00C04F79EFBC}") = "Silmoon.SdkApi.Apple", "Silmoon.SdkApi.Apple\Silmoon.SdkApi.Apple.csproj", "{531990B7-BC8F-438D-B364-236053CAE814}"
EndProject
Project("{2150E333-8FDC-42A3-9474-1A3956D46DE8}") = "Testing", "Testing", "{02EA681E-C7D8-13C7-8484-4AC65E1B71E8}"
EndProject
Global
	GlobalSection(SolutionConfigurationPlatforms) = preSolution
		Debug|Any CPU = Debug|Any CPU
		Release|Any CPU = Release|Any CPU
	EndGlobalSection
	GlobalSection(ProjectConfigurationPlatforms) = postSolution
		{995ACB1E-2355-45F8-9BA0-74026424FECB}.Debug|Any CPU.ActiveCfg = Debug|Any CPU
		{995ACB1E-2355-45F8-9BA0-74026424FECB}.Debug|Any CPU.Build.0 = Debug|Any CPU
		{995ACB1E-2355-45F8-9BA0-74026424FECB}.Release|Any CPU.ActiveCfg = Release|Any CPU
		{995ACB1E-2355-45F8-9BA0-74026424FECB}.Release|Any CPU.Build.0 = Release|Any CPU
		{531990B7-BC8F-438D-B364-236053CAE814}.Debug|Any CPU.ActiveCfg = Debug|Any CPU
		{531990B7-BC8F-438D-B364-236053CAE814}.Debug|Any CPU.Build.0 = Debug|Any CPU
		{531990B7-BC8F-438D-B364-236053CAE814}.Release|Any CPU.ActiveCfg = Release|Any CPU
		{531990B7-BC8F-438D-B364-236053CAE814}.Release|Any CPU.Build.0 = Release|Any CPU
	EndGlobalSection
	GlobalSection(SolutionProperties) = preSolution
		HideSolutionNode = FALSE
	EndGlobalSection
	GlobalSection(ExtensibilityGlobals) = postSolution
		SolutionGuid = {0B0A5906-2E20-4FE6-8720-81D20AF27E10}
	EndGlobalSection
EndGlobal
